// !$*UTF8*$!
{
	archiveVersion = 1;
	classes = {
	};
	objectVersion = 50;
	objects = {

/* Begin PBXBuildFile section */
		3920B4BE25E0992300ECD464 /* OrderViewController.swift in Sources */ = {isa = PBXBuildFile; fileRef = 3920B4BD25E0992300ECD464 /* OrderViewController.swift */; };
		396F1109260E60E600AA140B /* OrderModel.xcdatamodeld in Sources */ = {isa = PBXBuildFile; fileRef = 396F1107260E60E600AA140B /* OrderModel.xcdatamodeld */; };
		396F110F260EB2B400AA140B /* DatabaseHelper.swift in Sources */ = {isa = PBXBuildFile; fileRef = 396F110E260EB2B400AA140B /* DatabaseHelper.swift */; };
		39CA300625DE1DD4005BA20A /* AppDelegate.swift in Sources */ = {isa = PBXBuildFile; fileRef = 39CA300525DE1DD4005BA20A /* AppDelegate.swift */; };
		39CA300825DE1DD4005BA20A /* SceneDelegate.swift in Sources */ = {isa = PBXBuildFile; fileRef = 39CA300725DE1DD4005BA20A /* SceneDelegate.swift */; };
		39CA300A25DE1DD4005BA20A /* ViewController.swift in Sources */ = {isa = PBXBuildFile; fileRef = 39CA300925DE1DD4005BA20A /* ViewController.swift */; };
		39CA300D25DE1DD4005BA20A /* Main.storyboard in Resources */ = {isa = PBXBuildFile; fileRef = 39CA300B25DE1DD4005BA20A /* Main.storyboard */; };
		39CA300F25DE1DD4005BA20A /* Assets.xcassets in Resources */ = {isa = PBXBuildFile; fileRef = 39CA300E25DE1DD4005BA20A /* Assets.xcassets */; };
		39CA301225DE1DD4005BA20A /* LaunchScreen.storyboard in Resources */ = {isa = PBXBuildFile; fileRef = 39CA301025DE1DD4005BA20A /* LaunchScreen.storyboard */; };
		39CF976B25E1AEB80098611D /* OrdersTableViewController.swift in Sources */ = {isa = PBXBuildFile; fileRef = 39CF976A25E1AEB80098611D /* OrdersTableViewController.swift */; };
		39CF976E25E1B5E80098611D /* OrdersTableViewCell.swift in Sources */ = {isa = PBXBuildFile; fileRef = 39CF976D25E1B5E80098611D /* OrdersTableViewCell.swift */; };
		39CF977625E1BB980098611D /* Order.swift in Sources */ = {isa = PBXBuildFile; fileRef = 39CF977525E1BB980098611D /* Order.swift */; };
/* End PBXBuildFile section */

/* Begin PBXFileReference section */
		3920B4BD25E0992300ECD464 /* OrderViewController.swift */ = {isa = PBXFileReference; lastKnownFileType = sourcecode.swift; path = OrderViewController.swift; sourceTree = "<group>"; };
		396F1108260E60E600AA140B /* OrderModel.xcdatamodel */ = {isa = PBXFileReference; lastKnownFileType = wrapper.xcdatamodel; path = OrderModel.xcdatamodel; sourceTree = "<group>"; };
		396F110E260EB2B400AA140B /* DatabaseHelper.swift */ = {isa = PBXFileReference; lastKnownFileType = sourcecode.swift; path = DatabaseHelper.swift; sourceTree = "<group>"; };
		39CA300225DE1DD4005BA20A /* SarahGuindy_MyOrder.app */ = {isa = PBXFileReference; explicitFileType = wrapper.application; includeInIndex = 0; path = SarahGuindy_MyOrder.app; sourceTree = BUILT_PRODUCTS_DIR; };
		39CA300525DE1DD4005BA20A /* AppDelegate.swift */ = {isa = PBXFileReference; lastKnownFileType = sourcecode.swift; path = AppDelegate.swift; sourceTree = "<group>"; };
		39CA300725DE1DD4005BA20A /* SceneDelegate.swift */ = {isa = PBXFileReference; lastKnownFileType = sourcecode.swift; path = SceneDelegate.swift; sourceTree = "<group>"; };
		39CA300925DE1DD4005BA20A /* ViewController.swift */ = {isa = PBXFileReference; lastKnownFileType = sourcecode.swift; path = ViewController.swift; sourceTree = "<group>"; };
		39CA300C25DE1DD4005BA20A /* Base */ = {isa = PBXFileReference; lastKnownFileType = file.storyboard; name = Base; path = Base.lproj/Main.storyboard; sourceTree = "<group>"; };
		39CA300E25DE1DD4005BA20A /* Assets.xcassets */ = {isa = PBXFileReference; lastKnownFileType = folder.assetcatalog; path = Assets.xcassets; sourceTree = "<group>"; };
		39CA301125DE1DD4005BA20A /* Base */ = {isa = PBXFileReference; lastKnownFileType = file.storyboard; name = Base; path = Base.lproj/LaunchScreen.storyboard; sourceTree = "<group>"; };
		39CA301325DE1DD4005BA20A /* Info.plist */ = {isa = PBXFileReference; lastKnownFileType = text.plist.xml; path = Info.plist; sourceTree = "<group>"; };
		39CF976A25E1AEB80098611D /* OrdersTableViewController.swift */ = {isa = PBXFileReference; lastKnownFileType = sourcecode.swift; path = OrdersTableViewController.swift; sourceTree = "<group>"; };
		39CF976D25E1B5E80098611D /* OrdersTableViewCell.swift */ = {isa = PBXFileReference; lastKnownFileType = sourcecode.swift; path = OrdersTableViewCell.swift; sourceTree = "<group>"; };
		39CF977525E1BB980098611D /* Order.swift */ = {isa = PBXFileReference; lastKnownFileType = sourcecode.swift; path = Order.swift; sourceTree = "<group>"; };
/* End PBXFileReference section */

/* Begin PBXFrameworksBuildPhase section */
		39CA2FFF25DE1DD4005BA20A /* Frameworks */ = {
			isa = PBXFrameworksBuildPhase;
			buildActionMask = 2147483647;
			files = (
			);
			runOnlyForDeploymentPostprocessing = 0;
		};
/* End PBXFrameworksBuildPhase section */

/* Begin PBXGroup section */
		396F110B260EB14C00AA140B /* views */ = {
			isa = PBXGroup;
			children = (
				39CF976D25E1B5E80098611D /* OrdersTableViewCell.swift */,
				39CF976A25E1AEB80098611D /* OrdersTableViewController.swift */,
				3920B4BD25E0992300ECD464 /* OrderViewController.swift */,
			);
			path = views;
			sourceTree = "<group>";
		};
		396F110C260EB1B400AA140B /* controllers */ = {
			isa = PBXGroup;
			children = (
				396F110E260EB2B400AA140B /* DatabaseHelper.swift */,
			);
			path = controllers;
			sourceTree = "<group>";
		};
		396F110D260EB1CD00AA140B /* models */ = {
			isa = PBXGroup;
			children = (
				39CF977525E1BB980098611D /* Order.swift */,
			);
			path = models;
			sourceTree = "<group>";
		};
		39CA2FF925DE1DD4005BA20A = {
			isa = PBXGroup;
			children = (
				39CA300425DE1DD4005BA20A /* SarahGuindy_MyOrder */,
				39CA300325DE1DD4005BA20A /* Products */,
			);
			sourceTree = "<group>";
		};
		39CA300325DE1DD4005BA20A /* Products */ = {
			isa = PBXGroup;
			children = (
				39CA300225DE1DD4005BA20A /* SarahGuindy_MyOrder.app */,
			);
			name = Products;
			sourceTree = "<group>";
		};
		39CA300425DE1DD4005BA20A /* SarahGuindy_MyOrder */ = {
			isa = PBXGroup;
			children = (
				396F110D260EB1CD00AA140B /* models */,
				396F110C260EB1B400AA140B /* controllers */,
				396F110B260EB14C00AA140B /* views */,
				39CA300525DE1DD4005BA20A /* AppDelegate.swift */,
				39CA300725DE1DD4005BA20A /* SceneDelegate.swift */,
				39CA300925DE1DD4005BA20A /* ViewController.swift */,
				39CA300B25DE1DD4005BA20A /* Main.storyboard */,
				39CA300E25DE1DD4005BA20A /* Assets.xcassets */,
				39CA301025DE1DD4005BA20A /* LaunchScreen.storyboard */,
				39CA301325DE1DD4005BA20A /* Info.plist */,
				396F1107260E60E600AA140B /* OrderModel.xcdatamodeld */,
			);
			path = SarahGuindy_MyOrder;
			sourceTree = "<group>";
		};
/* End PBXGroup section */

/* Begin PBXNativeTarget section */
		39CA300125DE1DD4005BA20A /* SarahGuindy_MyOrder */ = {
			isa = PBXNativeTarget;
			buildConfigurationList = 39CA301625DE1DD4005BA20A /* Build configuration list for PBXNativeTarget "SarahGuindy_MyOrder" */;
			buildPhases = (
				39CA2FFE25DE1DD4005BA20A /* Sources */,
				39CA2FFF25DE1DD4005BA20A /* Frameworks */,
				39CA300025DE1DD4005BA20A /* Resources */,
			);
			buildRules = (
			);
			dependencies = (
			);
			name = SarahGuindy_MyOrder;
			productName = SarahGuindy_MyOrder;
			productReference = 39CA300225DE1DD4005BA20A /* SarahGuindy_MyOrder.app */;
			productType = "com.apple.product-type.application";
		};
/* End PBXNativeTarget section */

/* Begin PBXProject section */
		39CA2FFA25DE1DD4005BA20A /* Project object */ = {
			isa = PBXProject;
			attributes = {
				LastSwiftUpdateCheck = 1240;
				LastUpgradeCheck = 1240;
				TargetAttributes = {
					39CA300125DE1DD4005BA20A = {
						CreatedOnToolsVersion = 12.4;
					};
				};
			};
			buildConfigurationList = 39CA2FFD25DE1DD4005BA20A /* Build configuration list for PBXProject "SarahGuindy_MyOrder" */;
			compatibilityVersion = "Xcode 9.3";
			developmentRegion = en;
			hasScannedForEncodings = 0;
			knownRegions = (
				en,
				Base,
			);
			mainGroup = 39CA2FF925DE1DD4005BA20A;
			productRefGroup = 39CA300325DE1DD4005BA20A /* Products */;
			projectDirPath = "";
			projectRoot = "";
			targets = (
				39CA300125DE1DD4005BA20A /* SarahGuindy_MyOrder */,
			);
		};
/* End PBXProject section */

/* Begin PBXResourcesBuildPhase section */
		39CA300025DE1DD4005BA20A /* Resources */ = {
			isa = PBXResourcesBuildPhase;
			buildActionMask = 2147483647;
			files = (
				39CA301225DE1DD4005BA20A /* LaunchScreen.storyboard in Resources */,
				39CA300F25DE1DD4005BA20A /* Assets.xcassets in Resources */,
				39CA300D25DE1DD4005BA20A /* Main.storyboard in Resources */,
			);
			runOnlyForDeploymentPostprocessing = 0;
		};
/* End PBXResourcesBuildPhase section */

/* Begin PBXSourcesBuildPhase section */
		39CA2FFE25DE1DD4005BA20A /* Sources */ = {
			isa = PBXSourcesBuildPhase;
			buildActionMask = 2147483647;
			files = (
				39CA300A25DE1DD4005BA20A /* ViewController.swift in Sources */,
				396F110F260EB2B400AA140B /* DatabaseHelper.swift in Sources */,
				39CA300625DE1DD4005BA20A /* AppDelegate.swift in Sources */,
				39CF976E25E1B5E80098611D /* OrdersTableViewCell.swift in Sources */,
				39CF976B25E1AEB80098611D /* OrdersTableViewController.swift in Sources */,
				396F1109260E60E600AA140B /* OrderModel.xcdatamodeld in Sources */,
				39CA300825DE1DD4005BA20A /* SceneDelegate.swift in Sources */,
				3920B4BE25E0992300ECD464 /* OrderViewController.swift in Sources */,
				39CF977625E1BB980098611D /* Order.swift in Sources */,
			);
			runOnlyForDeploymentPostprocessing = 0;
		};
/* End PBXSourcesBuildPhase section */

/* Begin PBXVariantGroup section */
		39CA300B25DE1DD4005BA20A /* Main.storyboard */ = {
			isa = PBXVariantGroup;
			children = (
				39CA300C25DE1DD4005BA20A /* Base */,
			);
			name = Main.storyboard;
			sourceTree = "<group>";
		};
		39CA301025DE1DD4005BA20A /* LaunchScreen.storyboard */ = {
			isa = PBXVariantGroup;
			children = (
				39CA301125DE1DD4005BA20A /* Base */,
			);
			name = LaunchScreen.storyboard;
			sourceTree = "<group>";
		};
/* End PBXVariantGroup section */

/* Begin XCBuildConfiguration section */
		39CA301425DE1DD4005BA20A /* Debug */ = {
			isa = XCBuildConfiguration;
			buildSettings = {
				ALWAYS_SEARCH_USER_PATHS = NO;
				CLANG_ANALYZER_NONNULL = YES;
				CLANG_ANALYZER_NUMBER_OBJECT_CONVERSION = YES_AGGRESSIVE;
				CLANG_CXX_LANGUAGE_STANDARD = "gnu++14";
				CLANG_CXX_LIBRARY = "libc++";
				CLANG_ENABLE_MODULES = YES;
				CLANG_ENABLE_OBJC_ARC = YES;
				CLANG_ENABLE_OBJC_WEAK = YES;
				CLANG_WARN_BLOCK_CAPTURE_AUTORELEASING = YES;
				CLANG_WARN_BOOL_CONVERSION = YES;
				CLANG_WARN_COMMA = YES;
				CLANG_WARN_CONSTANT_CONVERSION = YES;
				CLANG_WARN_DEPRECATED_OBJC_IMPLEMENTATIONS = YES;
				CLANG_WARN_DIRECT_OBJC_ISA_USAGE = YES_ERROR;
				CLANG_WARN_DOCUMENTATION_COMMENTS = YES;
				CLANG_WARN_EMPTY_BODY = YES;
				CLANG_WARN_ENUM_CONVERSION = YES;
				CLANG_WARN_INFINITE_RECURSION = YES;
				CLANG_WARN_INT_CONVERSION = YES;
				CLANG_WARN_NON_LITERAL_NULL_CONVERSION = YES;
				CLANG_WARN_OBJC_IMPLICIT_RETAIN_SELF = YES;
				CLANG_WARN_OBJC_LITERAL_CONVERSION = YES;
				CLANG_WARN_OBJC_ROOT_CLASS = YES_ERROR;
				CLANG_WARN_QUOTED_INCLUDE_IN_FRAMEWORK_HEADER = YES;
				CLANG_WARN_RANGE_LOOP_ANALYSIS = YES;
				CLANG_WARN_STRICT_PROTOTYPES = YES;
				CLANG_WARN_SUSPICIOUS_MOVE = YES;
				CLANG_WARN_UNGUARDED_AVAILABILITY = YES_AGGRESSIVE;
				CLANG_WARN_UNREACHABLE_CODE = YES;
				CLANG_WARN__DUPLICATE_METHOD_MATCH = YES;
				COPY_PHASE_STRIP = NO;
				DEBUG_INFORMATION_FORMAT = dwarf;
				ENABLE_STRICT_OBJC_MSGSEND = YES;
				ENABLE_TESTABILITY = YES;
				GCC_C_LANGUAGE_STANDARD = gnu11;
				GCC_DYNAMIC_NO_PIC = NO;
				GCC_NO_COMMON_BLOCKS = YES;
				GCC_OPTIMIZATION_LEVEL = 0;
				GCC_PREPROCESSOR_DEFINITIONS = (
					"DEBUG=1",
					"$(inherited)",
				);
				GCC_WARN_64_TO_32_BIT_CONVERSION = YES;
				GCC_WARN_ABOUT_RETURN_TYPE = YES_ERROR;
				GCC_WARN_UNDECLARED_SELECTOR = YES;
				GCC_WARN_UNINITIALIZED_AUTOS = YES_AGGRESSIVE;
				GCC_WARN_UNUSED_FUNCTION = YES;
				GCC_WARN_UNUSED_VARIABLE = YES;
				IPHONEOS_DEPLOYMENT_TARGET = 14.4;
				MTL_ENABLE_DEBUG_INFO = INCLUDE_SOURCE;
				MTL_FAST_MATH = YES;
				ONLY_ACTIVE_ARCH = YES;
				SDKROOT = iphoneos;
				SWIFT_ACTIVE_COMPILATION_CONDITIONS = DEBUG;
				SWIFT_OPTIMIZATION_LEVEL = "-Onone";
			};
			name = Debug;
		};
		39CA301525DE1DD4005BA20A /* Release */ = {
			isa = XCBuildConfiguration;
			buildSettings = {
				ALWAYS_SEARCH_USER_PATHS = NO;
				CLANG_ANALYZER_NONNULL = YES;
				CLANG_ANALYZER_NUMBER_OBJECT_CONVERSION = YES_AGGRESSIVE;
				CLANG_CXX_LANGUAGE_STANDARD = "gnu++14";
				CLANG_CXX_LIBRARY = "libc++";
				CLANG_ENABLE_MODULES = YES;
				CLANG_ENABLE_OBJC_ARC = YES;
				CLANG_ENABLE_OBJC_WEAK = YES;
				CLANG_WARN_BLOCK_CAPTURE_AUTORELEASING = YES;
				CLANG_WARN_BOOL_CONVERSION = YES;
				CLANG_WARN_COMMA = YES;
				CLANG_WARN_CONSTANT_CONVERSION = YES;
				CLANG_WARN_DEPRECATED_OBJC_IMPLEMENTATIONS = YES;
				CLANG_WARN_DIRECT_OBJC_ISA_USAGE = YES_ERROR;
				CLANG_WARN_DOCUMENTATION_COMMENTS = YES;
				CLANG_WARN_EMPTY_BODY = YES;
				CLANG_WARN_ENUM_CONVERSION = YES;
				CLANG_WARN_INFINITE_RECURSION = YES;
				CLANG_WARN_INT_CONVERSION = YES;
				CLANG_WARN_NON_LITERAL_NULL_CONVERSION = YES;
				CLANG_WARN_OBJC_IMPLICIT_RETAIN_SELF = YES;
				CLANG_WARN_OBJC_LITERAL_CONVERSION = YES;
				CLANG_WARN_OBJC_ROOT_CLASS = YES_ERROR;
				CLANG_WARN_QUOTED_INCLUDE_IN_FRAMEWORK_HEADER = YES;
				CLANG_WARN_RANGE_LOOP_ANALYSIS = YES;
				CLANG_WARN_STRICT_PROTOTYPES = YES;
				CLANG_WARN_SUSPICIOUS_MOVE = YES;
				CLANG_WARN_UNGUARDED_AVAILABILITY = YES_AGGRESSIVE;
				CLANG_WARN_UNREACHABLE_CODE = YES;
				CLANG_WARN__DUPLICATE_METHOD_MATCH = YES;
				COPY_PHASE_STRIP = NO;
				DEBUG_INFORMATION_FORMAT = "dwarf-with-dsym";
				ENABLE_NS_ASSERTIONS = NO;
				ENABLE_STRICT_OBJC_MSGSEND = YES;
				GCC_C_LANGUAGE_STANDARD = gnu11;
				GCC_NO_COMMON_BLOCKS = YES;
				GCC_WARN_64_TO_32_BIT_CONVERSION = YES;
				GCC_WARN_ABOUT_RETURN_TYPE = YES_ERROR;
				GCC_WARN_UNDECLARED_SELECTOR = YES;
				GCC_WARN_UNINITIALIZED_AUTOS = YES_AGGRESSIVE;
				GCC_WARN_UNUSED_FUNCTION = YES;
				GCC_WARN_UNUSED_VARIABLE = YES;
				IPHONEOS_DEPLOYMENT_TARGET = 14.4;
				MTL_ENABLE_DEBUG_INFO = NO;
				MTL_FAST_MATH = YES;
				SDKROOT = iphoneos;
				SWIFT_COMPILATION_MODE = wholemodule;
				SWIFT_OPTIMIZATION_LEVEL = "-O";
				VALIDATE_PRODUCT = YES;
			};
			name = Release;
		};
		39CA301725DE1DD4005BA20A /* Debug */ = {
			isa = XCBuildConfiguration;
			buildSettings = {
				ASSETCATALOG_COMPILER_APPICON_NAME = AppIcon;
				ASSETCATALOG_COMPILER_GLOBAL_ACCENT_COLOR_NAME = AccentColor;
				CODE_SIGN_STYLE = Automatic;
				DEVELOPMENT_TEAM = W3Y856C97U;
				INFOPLIST_FILE = SarahGuindy_MyOrder/Info.plist;
				IPHONEOS_DEPLOYMENT_TARGET = 14.1;
				LD_RUNPATH_SEARCH_PATHS = (
					"$(inherited)",
					"@executable_path/Frameworks",
				);
				PRODUCT_BUNDLE_IDENTIFIER = "com.sg.SarahGuindy-MyOrder";
				PRODUCT_NAME = "$(TARGET_NAME)";
				SWIFT_VERSION = 5.0;
				TARGETED_DEVICE_FAMILY = "1,2";
			};
			name = Debug;
		};
		39CA301825DE1DD4005BA20A /* Release */ = {
			isa = XCBuildConfiguration;
			buildSettings = {
				ASSETCATALOG_COMPILER_APPICON_NAME = AppIcon;
				ASSETCATALOG_COMPILER_GLOBAL_ACCENT_COLOR_NAME = AccentColor;
				CODE_SIGN_STYLE = Automatic;
				DEVELOPMENT_TEAM = W3Y856C97U;
				INFOPLIST_FILE = SarahGuindy_MyOrder/Info.plist;
				IPHONEOS_DEPLOYMENT_TARGET = 14.1;
				LD_RUNPATH_SEARCH_PATHS = (
					"$(inherited)",
					"@executable_path/Frameworks",
				);
				PRODUCT_BUNDLE_IDENTIFIER = "com.sg.SarahGuindy-MyOrder";
				PRODUCT_NAME = "$(TARGET_NAME)";
				SWIFT_VERSION = 5.0;
				TARGETED_DEVICE_FAMILY = "1,2";
			};
			name = Release;
		};
/* End XCBuildConfiguration section */

/* Begin XCConfigurationList section */
		39CA2FFD25DE1DD4005BA20A /* Build configuration list for PBXProject "SarahGuindy_MyOrder" */ = {
			isa = XCConfigurationList;
			buildConfigurations = (
				39CA301425DE1DD4005BA20A /* Debug */,
				39CA301525DE1DD4005BA20A /* Release */,
			);
			defaultConfigurationIsVisible = 0;
			defaultConfigurationName = Release;
		};
		39CA301625DE1DD4005BA20A /* Build configuration list for PBXNativeTarget "SarahGuindy_MyOrder" */ = {
			isa = XCConfigurationList;
			buildConfigurations = (
				39CA301725DE1DD4005BA20A /* Debug */,
				39CA301825DE1DD4005BA20A /* Release */,
			);
			defaultConfigurationIsVisible = 0;
			defaultConfigurationName = Release;
		};
/* End XCConfigurationList section */

/* Begin XCVersionGroup section */
		396F1107260E60E600AA140B /* OrderModel.xcdatamodeld */ = {
			isa = XCVersionGroup;
			children = (
				396F1108260E60E600AA140B /* OrderModel.xcdatamodel */,
			);
			currentVersion = 396F1108260E60E600AA140B /* OrderModel.xcdatamodel */;
			path = OrderModel.xcdatamodeld;
			sourceTree = "<group>";
			versionGroupType = wrapper.xcdatamodel;
		};
/* End XCVersionGroup section */
	};
	rootObject = 39CA2FFA25DE1DD4005BA20A /* Project object */;
}
